
Microsoft Visual Studio Solution File, Format Version 12.00
# Visual Studio 15
VisualStudioVersion = 15.0.27004.2006
MinimumVisualStudioVersion = 10.0.40219.1
Project("{9A19103F-16F7-4668-BE54-9A1E7A4F7556}") = "Stacks and Queues", "Stacks and Queues\Stacks and Queues.csproj", "{AEF6BC21-4B44-4737-9B49-28FDDFA2DED2}"
EndProject
Project("{9A19103F-16F7-4668-BE54-9A1E7A4F7556}") = "Basic Stack Operations", "Basic Stack Operations\Basic Stack Operations.csproj", "{C7D6B117-0A2D-4B06-BA63-ADA85A7A6A6C}"
EndProject
Project("{9A19103F-16F7-4668-BE54-9A1E7A4F7556}") = "MaximumElement", "MaximumElement\MaximumElement.csproj", "{0669EBF8-D49B-4084-BA42-81F36D585D7F}"
EndProject
Project("{9A19103F-16F7-4668-BE54-9A1E7A4F7556}") = "Basic Queue Operations", "Basic Queue Operations\Basic Queue Operations.csproj", "{EF181962-7A9F-4342-9864-EA5A372E5179}"
EndProject
Project("{9A19103F-16F7-4668-BE54-9A1E7A4F7556}") = "Truck Tour", "Truck Tour\Truck Tour.csproj", "{3C23894E-A896-435F-A95B-2917C41BA17D}"
EndProject
Project("{9A19103F-16F7-4668-BE54-9A1E7A4F7556}") = "Balanced Parentheses", "Balanced Parentheses\Balanced Parentheses.csproj", "{C78EAFE9-2108-46D0-BBB6-58B06E052898}"
EndProject
Project("{9A19103F-16F7-4668-BE54-9A1E7A4F7556}") = "Recursive Fibonacci", "Recursive Fibonacci\Recursive Fibonacci.csproj", "{A80EA5A0-6009-45D4-87EF-C012972F9F31}"
EndProject
Project("{9A19103F-16F7-4668-BE54-9A1E7A4F7556}") = "Stack Fibonacci", "Stack Fibonacci\Stack Fibonacci.csproj", "{37D1FD87-4B07-45BB-A523-39EC0624DA03}"
EndProject
Project("{9A19103F-16F7-4668-BE54-9A1E7A4F7556}") = "Simple Text Editor", "Simple Text Editor\Simple Text Editor.csproj", "{A51C4281-5AF1-46A6-9309-811F768B9E21}"
EndProject
Project("{FAE04EC0-301F-11D3-BF4B-00C04F79EFBC}") = "Poisonous Plants", "Poisonous Plants\Poisonous Plants.csproj", "{B6AF0805-8E81-4C3B-B104-0ECBDB20BAC2}"
EndProject
Global
	GlobalSection(SolutionConfigurationPlatforms) = preSolution
		Debug|Any CPU = Debug|Any CPU
		Release|Any CPU = Release|Any CPU
	EndGlobalSection
	GlobalSection(ProjectConfigurationPlatforms) = postSolution
		{AEF6BC21-4B44-4737-9B49-28FDDFA2DED2}.Debug|Any CPU.ActiveCfg = Debug|Any CPU
		{AEF6BC21-4B44-4737-9B49-28FDDFA2DED2}.Debug|Any CPU.Build.0 = Debug|Any CPU
		{AEF6BC21-4B44-4737-9B49-28FDDFA2DED2}.Release|Any CPU.ActiveCfg = Release|Any CPU
		{AEF6BC21-4B44-4737-9B49-28FDDFA2DED2}.Release|Any CPU.Build.0 = Release|Any CPU
		{C7D6B117-0A2D-4B06-BA63-ADA85A7A6A6C}.Debug|Any CPU.ActiveCfg = Debug|Any CPU
		{C7D6B117-0A2D-4B06-BA63-ADA85A7A6A6C}.Debug|Any CPU.Build.0 = Debug|Any CPU
		{C7D6B117-0A2D-4B06-BA63-ADA85A7A6A6C}.Release|Any CPU.ActiveCfg = Release|Any CPU
		{C7D6B117-0A2D-4B06-BA63-ADA85A7A6A6C}.Release|Any CPU.Build.0 = Release|Any CPU
		{0669EBF8-D49B-4084-BA42-81F36D585D7F}.Debug|Any CPU.ActiveCfg = Debug|Any CPU
		{0669EBF8-D49B-4084-BA42-81F36D585D7F}.Debug|Any CPU.Build.0 = Debug|Any CPU
		{0669EBF8-D49B-4084-BA42-81F36D585D7F}.Release|Any CPU.ActiveCfg = Release|Any CPU
		{0669EBF8-D49B-4084-BA42-81F36D585D7F}.Release|Any CPU.Build.0 = Release|Any CPU
		{EF181962-7A9F-4342-9864-EA5A372E5179}.Debug|Any CPU.ActiveCfg = Debug|Any CPU
		{EF181962-7A9F-4342-9864-EA5A372E5179}.Debug|Any CPU.Build.0 = Debug|Any CPU
		{EF181962-7A9F-4342-9864-EA5A372E5179}.Release|Any CPU.ActiveCfg = Release|Any CPU
		{EF181962-7A9F-4342-9864-EA5A372E5179}.Release|Any CPU.Build.0 = Release|Any CPU
		{3C23894E-A896-435F-A95B-2917C41BA17D}.Debug|Any CPU.ActiveCfg = Debug|Any CPU
		{3C23894E-A896-435F-A95B-2917C41BA17D}.Debug|Any CPU.Build.0 = Debug|Any CPU
		{3C23894E-A896-435F-A95B-2917C41BA17D}.Release|Any CPU.ActiveCfg = Release|Any CPU
		{3C23894E-A896-435F-A95B-2917C41BA17D}.Release|Any CPU.Build.0 = Release|Any CPU
		{C78EAFE9-2108-46D0-BBB6-58B06E052898}.Debug|Any CPU.ActiveCfg = Debug|Any CPU
		{C78EAFE9-2108-46D0-BBB6-58B06E052898}.Debug|Any CPU.Build.0 = Debug|Any CPU
		{C78EAFE9-2108-46D0-BBB6-58B06E052898}.Release|Any CPU.ActiveCfg = Release|Any CPU
		{C78EAFE9-2108-46D0-BBB6-58B06E052898}.Release|Any CPU.Build.0 = Release|Any CPU
		{A80EA5A0-6009-45D4-87EF-C012972F9F31}.Debug|Any CPU.ActiveCfg = Debug|Any CPU
		{A80EA5A0-6009-45D4-87EF-C012972F9F31}.Debug|Any CPU.Build.0 = Debug|Any CPU
		{A80EA5A0-6009-45D4-87EF-C012972F9F31}.Release|Any CPU.ActiveCfg = Release|Any CPU
		{A80EA5A0-6009-45D4-87EF-C012972F9F31}.Release|Any CPU.Build.0 = Release|Any CPU
		{37D1FD87-4B07-45BB-A523-39EC0624DA03}.Debug|Any CPU.ActiveCfg = Debug|Any CPU
		{37D1FD87-4B07-45BB-A523-39EC0624DA03}.Debug|Any CPU.Build.0 = Debug|Any CPU
		{37D1FD87-4B07-45BB-A523-39EC0624DA03}.Release|Any CPU.ActiveCfg = Release|Any CPU
		{37D1FD87-4B07-45BB-A523-39EC0624DA03}.Release|Any CPU.Build.0 = Release|Any CPU
		{A51C4281-5AF1-46A6-9309-811F768B9E21}.Debug|Any CPU.ActiveCfg = Debug|Any CPU
		{A51C4281-5AF1-46A6-9309-811F768B9E21}.Debug|Any CPU.Build.0 = Debug|Any CPU
		{A51C4281-5AF1-46A6-9309-811F768B9E21}.Release|Any CPU.ActiveCfg = Release|Any CPU
		{A51C4281-5AF1-46A6-9309-811F768B9E21}.Release|Any CPU.Build.0 = Release|Any CPU
		{B6AF0805-8E81-4C3B-B104-0ECBDB20BAC2}.Debug|Any CPU.ActiveCfg = Debug|Any CPU
		{B6AF0805-8E81-4C3B-B104-0ECBDB20BAC2}.Debug|Any CPU.Build.0 = Debug|Any CPU
		{B6AF0805-8E81-4C3B-B104-0ECBDB20BAC2}.Release|Any CPU.ActiveCfg = Release|Any CPU
		{B6AF0805-8E81-4C3B-B104-0ECBDB20BAC2}.Release|Any CPU.Build.0 = Release|Any CPU
	EndGlobalSection
	GlobalSection(SolutionProperties) = preSolution
		HideSolutionNode = FALSE
	EndGlobalSection
	GlobalSection(ExtensibilityGlobals) = postSolution
		SolutionGuid = {A1BB2EBD-CC60-45C1-9510-B4D9CF22004E}
	EndGlobalSection
EndGlobal
