
Microsoft Visual Studio Solution File, Format Version 12.00
# Visual Studio 15
VisualStudioVersion = 15.0.27004.2006
MinimumVisualStudioVersion = 10.0.40219.1
Project("{FAE04EC0-301F-11D3-BF4B-00C04F79EFBC}") = "Stack And Queues", "Stack And Queues\Stack And Queues.csproj", "{27FFD617-9E1C-4830-AF51-86072E31B355}"
EndProject
Global
	GlobalSection(SolutionConfigurationPlatforms) = preSolution
		Debug|Any CPU = Debug|Any CPU
		Release|Any CPU = Release|Any CPU
	EndGlobalSection
	GlobalSection(ProjectConfigurationPlatforms) = postSolution
		{27FFD617-9E1C-4830-AF51-86072E31B355}.Debug|Any CPU.ActiveCfg = Debug|Any CPU
		{27FFD617-9E1C-4830-AF51-86072E31B355}.Debug|Any CPU.Build.0 = Debug|Any CPU
		{27FFD617-9E1C-4830-AF51-86072E31B355}.Release|Any CPU.ActiveCfg = Release|Any CPU
		{27FFD617-9E1C-4830-AF51-86072E31B355}.Release|Any CPU.Build.0 = Release|Any CPU
	EndGlobalSection
	GlobalSection(SolutionProperties) = preSolution
		HideSolutionNode = FALSE
	EndGlobalSection
	GlobalSection(ExtensibilityGlobals) = postSolution
		SolutionGuid = {B2AB9EDD-1EC7-4140-9B3B-30784C277E15}
	EndGlobalSection
EndGlobal
