
Microsoft Visual Studio Solution File, Format Version 12.00
# Visual Studio 15
VisualStudioVersion = 15.0.27004.2006
MinimumVisualStudioVersion = 10.0.40219.1
Project("{9A19103F-16F7-4668-BE54-9A1E7A4F7556}") = "Encapsulation", "Encapsulation\Encapsulation.csproj", "{703D5739-E2FC-4872-8939-F17FC19D0E38}"
EndProject
Project("{9A19103F-16F7-4668-BE54-9A1E7A4F7556}") = "AnimalFarm", "..\..\..\Desktop\AnimalFarm\AnimalFarm\AnimalFarm.csproj", "{793390A8-E189-4597-9F78-F72BA0396E5D}"
EndProject
Project("{9A19103F-16F7-4668-BE54-9A1E7A4F7556}") = "ShoppingSpree", "Shopping Spree\ShoppingSpree.csproj", "{4982AFDE-6E67-438C-8486-07A42812BD89}"
EndProject
Global
	GlobalSection(SolutionConfigurationPlatforms) = preSolution
		Debug|Any CPU = Debug|Any CPU
		Release|Any CPU = Release|Any CPU
	EndGlobalSection
	GlobalSection(ProjectConfigurationPlatforms) = postSolution
		{703D5739-E2FC-4872-8939-F17FC19D0E38}.Debug|Any CPU.ActiveCfg = Debug|Any CPU
		{703D5739-E2FC-4872-8939-F17FC19D0E38}.Debug|Any CPU.Build.0 = Debug|Any CPU
		{703D5739-E2FC-4872-8939-F17FC19D0E38}.Release|Any CPU.ActiveCfg = Release|Any CPU
		{703D5739-E2FC-4872-8939-F17FC19D0E38}.Release|Any CPU.Build.0 = Release|Any CPU
		{793390A8-E189-4597-9F78-F72BA0396E5D}.Debug|Any CPU.ActiveCfg = Debug|Any CPU
		{793390A8-E189-4597-9F78-F72BA0396E5D}.Debug|Any CPU.Build.0 = Debug|Any CPU
		{793390A8-E189-4597-9F78-F72BA0396E5D}.Release|Any CPU.ActiveCfg = Release|Any CPU
		{793390A8-E189-4597-9F78-F72BA0396E5D}.Release|Any CPU.Build.0 = Release|Any CPU
		{4982AFDE-6E67-438C-8486-07A42812BD89}.Debug|Any CPU.ActiveCfg = Debug|Any CPU
		{4982AFDE-6E67-438C-8486-07A42812BD89}.Debug|Any CPU.Build.0 = Debug|Any CPU
		{4982AFDE-6E67-438C-8486-07A42812BD89}.Release|Any CPU.ActiveCfg = Release|Any CPU
		{4982AFDE-6E67-438C-8486-07A42812BD89}.Release|Any CPU.Build.0 = Release|Any CPU
	EndGlobalSection
	GlobalSection(SolutionProperties) = preSolution
		HideSolutionNode = FALSE
	EndGlobalSection
	GlobalSection(ExtensibilityGlobals) = postSolution
		SolutionGuid = {4F072E46-D1B6-4225-AF93-D942863C6545}
	EndGlobalSection
EndGlobal
