
Microsoft Visual Studio Solution File, Format Version 12.00
# Visual Studio 15
VisualStudioVersion = 15.0.27004.2006
MinimumVisualStudioVersion = 10.0.40219.1
Project("{FAE04EC0-301F-11D3-BF4B-00C04F79EFBC}") = "ExamSoftUniOOPBasics", "ExamSoftUniOOPBasics\ExamSoftUniOOPBasics.csproj", "{DDF641AA-A20B-4560-8492-5DBFE29C7B62}"
EndProject
Global
	GlobalSection(SolutionConfigurationPlatforms) = preSolution
		Debug|Any CPU = Debug|Any CPU
		Release|Any CPU = Release|Any CPU
	EndGlobalSection
	GlobalSection(ProjectConfigurationPlatforms) = postSolution
		{DDF641AA-A20B-4560-8492-5DBFE29C7B62}.Debug|Any CPU.ActiveCfg = Debug|Any CPU
		{DDF641AA-A20B-4560-8492-5DBFE29C7B62}.Debug|Any CPU.Build.0 = Debug|Any CPU
		{DDF641AA-A20B-4560-8492-5DBFE29C7B62}.Release|Any CPU.ActiveCfg = Release|Any CPU
		{DDF641AA-A20B-4560-8492-5DBFE29C7B62}.Release|Any CPU.Build.0 = Release|Any CPU
	EndGlobalSection
	GlobalSection(SolutionProperties) = preSolution
		HideSolutionNode = FALSE
	EndGlobalSection
	GlobalSection(ExtensibilityGlobals) = postSolution
		SolutionGuid = {0ABCF4C1-4A2B-4F8D-B26B-FAFBBB71E0B5}
	EndGlobalSection
EndGlobal
